
Microsoft Visual Studio Solution File, Format Version 12.00
# Visual Studio 15
Project("{FAE04EC0-301F-11D3-BF4B-00C04F79EFBC}") = "Assembly-CSharp", "Assembly-CSharp.csproj", "{81CAE166-7E66-8CDC-D916-9C34A91D54EE}"
EndProject
Project("{FAE04EC0-301F-11D3-BF4B-00C04F79EFBC}") = "DevionGames.UIWidgets", "DevionGames.UIWidgets.csproj", "{3B4AC5C2-1F83-30F8-12DB-1B79FAB266A4}"
EndProject
Project("{FAE04EC0-301F-11D3-BF4B-00C04F79EFBC}") = "DevionGames.Utilities", "DevionGames.Utilities.csproj", "{D8991A6D-A341-AA46-A58B-E05CEDDFDFE6}"
EndProject
Project("{FAE04EC0-301F-11D3-BF4B-00C04F79EFBC}") = "Assembly-CSharp-Editor", "Assembly-CSharp-Editor.csproj", "{4AB1EEED-C3C0-371F-78C1-858070C1B524}"
EndProject
Global
	GlobalSection(SolutionConfigurationPlatforms) = preSolution
		Debug|Any CPU = Debug|Any CPU
		Release|Any CPU = Release|Any CPU
	EndGlobalSection
	GlobalSection(ProjectConfigurationPlatforms) = postSolution
		{81CAE166-7E66-8CDC-D916-9C34A91D54EE}.Debug|Any CPU.ActiveCfg = Debug|Any CPU
		{81CAE166-7E66-8CDC-D916-9C34A91D54EE}.Debug|Any CPU.Build.0 = Debug|Any CPU
		{81CAE166-7E66-8CDC-D916-9C34A91D54EE}.Release|Any CPU.ActiveCfg = Release|Any CPU
		{81CAE166-7E66-8CDC-D916-9C34A91D54EE}.Release|Any CPU.Build.0 = Release|Any CPU
		{3B4AC5C2-1F83-30F8-12DB-1B79FAB266A4}.Debug|Any CPU.ActiveCfg = Debug|Any CPU
		{3B4AC5C2-1F83-30F8-12DB-1B79FAB266A4}.Debug|Any CPU.Build.0 = Debug|Any CPU
		{3B4AC5C2-1F83-30F8-12DB-1B79FAB266A4}.Release|Any CPU.ActiveCfg = Release|Any CPU
		{3B4AC5C2-1F83-30F8-12DB-1B79FAB266A4}.Release|Any CPU.Build.0 = Release|Any CPU
		{D8991A6D-A341-AA46-A58B-E05CEDDFDFE6}.Debug|Any CPU.ActiveCfg = Debug|Any CPU
		{D8991A6D-A341-AA46-A58B-E05CEDDFDFE6}.Debug|Any CPU.Build.0 = Debug|Any CPU
		{D8991A6D-A341-AA46-A58B-E05CEDDFDFE6}.Release|Any CPU.ActiveCfg = Release|Any CPU
		{D8991A6D-A341-AA46-A58B-E05CEDDFDFE6}.Release|Any CPU.Build.0 = Release|Any CPU
		{4AB1EEED-C3C0-371F-78C1-858070C1B524}.Debug|Any CPU.ActiveCfg = Debug|Any CPU
		{4AB1EEED-C3C0-371F-78C1-858070C1B524}.Debug|Any CPU.Build.0 = Debug|Any CPU
		{4AB1EEED-C3C0-371F-78C1-858070C1B524}.Release|Any CPU.ActiveCfg = Release|Any CPU
		{4AB1EEED-C3C0-371F-78C1-858070C1B524}.Release|Any CPU.Build.0 = Release|Any CPU
	EndGlobalSection
	GlobalSection(SolutionProperties) = preSolution
		HideSolutionNode = FALSE
	EndGlobalSection
EndGlobal
